// !$*UTF8*$!
{
	archiveVersion = 1;
	classes = {
	};
	objectVersion = 46;
	objects = {

/* Begin PBXBuildFile section */
		485015631868E0170008AE79 /* Foundation.framework in Frameworks */ = {isa = PBXBuildFile; fileRef = 485015621868E0170008AE79 /* Foundation.framework */; };
		485015651868E0170008AE79 /* CoreGraphics.framework in Frameworks */ = {isa = PBXBuildFile; fileRef = 485015641868E0170008AE79 /* CoreGraphics.framework */; };
		485015671868E0170008AE79 /* UIKit.framework in Frameworks */ = {isa = PBXBuildFile; fileRef = 485015661868E0170008AE79 /* UIKit.framework */; };
		4850156D1868E0170008AE79 /* InfoPlist.strings in Resources */ = {isa = PBXBuildFile; fileRef = 4850156B1868E0170008AE79 /* InfoPlist.strings */; };
		4850156F1868E0170008AE79 /* main.m in Sources */ = {isa = PBXBuildFile; fileRef = 4850156E1868E0170008AE79 /* main.m */; };
		485015731868E0170008AE79 /* SGGAppDelegate.m in Sources */ = {isa = PBXBuildFile; fileRef = 485015721868E0170008AE79 /* SGGAppDelegate.m */; };
		485015751868E0170008AE79 /* Images.xcassets in Resources */ = {isa = PBXBuildFile; fileRef = 485015741868E0170008AE79 /* Images.xcassets */; };
		4850157C1868E0170008AE79 /* XCTest.framework in Frameworks */ = {isa = PBXBuildFile; fileRef = 4850157B1868E0170008AE79 /* XCTest.framework */; };
		4850157D1868E0170008AE79 /* Foundation.framework in Frameworks */ = {isa = PBXBuildFile; fileRef = 485015621868E0170008AE79 /* Foundation.framework */; };
		4850157E1868E0170008AE79 /* UIKit.framework in Frameworks */ = {isa = PBXBuildFile; fileRef = 485015661868E0170008AE79 /* UIKit.framework */; };
		485015861868E0170008AE79 /* InfoPlist.strings in Resources */ = {isa = PBXBuildFile; fileRef = 485015841868E0170008AE79 /* InfoPlist.strings */; };
		485015881868E0170008AE79 /* SimpleGLKitGameTests.m in Sources */ = {isa = PBXBuildFile; fileRef = 485015871868E0170008AE79 /* SimpleGLKitGameTests.m */; };
		485015921868E0440008AE79 /* QuartzCore.framework in Frameworks */ = {isa = PBXBuildFile; fileRef = 485015911868E0440008AE79 /* QuartzCore.framework */; };
		485015941868E04B0008AE79 /* OpenGLES.framework in Frameworks */ = {isa = PBXBuildFile; fileRef = 485015931868E04B0008AE79 /* OpenGLES.framework */; };
		485015961868E0500008AE79 /* GLKit.framework in Frameworks */ = {isa = PBXBuildFile; fileRef = 485015951868E0500008AE79 /* GLKit.framework */; };
		485015981868E0710008AE79 /* iPhoneMainStoryboard.storyboard in Resources */ = {isa = PBXBuildFile; fileRef = 485015971868E0710008AE79 /* iPhoneMainStoryboard.storyboard */; };
		4850159E1868E15C0008AE79 /* SGGViewController.m in Sources */ = {isa = PBXBuildFile; fileRef = 4850159D1868E15C0008AE79 /* SGGViewController.m */; };
		48CB81921868E2B40006A8DF /* background-music-aac.caf in Resources */ = {isa = PBXBuildFile; fileRef = 48CB818B1868E2B40006A8DF /* background-music-aac.caf */; };
		48CB81931868E2B40006A8DF /* pew-pew.wav in Resources */ = {isa = PBXBuildFile; fileRef = 48CB818C1868E2B40006A8DF /* pew-pew.wav */; };
		48CB81941868E2B40006A8DF /* Player.png in Resources */ = {isa = PBXBuildFile; fileRef = 48CB818D1868E2B40006A8DF /* Player.png */; };
		48CB81951868E2B40006A8DF /* Projectile.png in Resources */ = {isa = PBXBuildFile; fileRef = 48CB818E1868E2B40006A8DF /* Projectile.png */; };
		48CB81961868E2B40006A8DF /* Target.png in Resources */ = {isa = PBXBuildFile; fileRef = 48CB818F1868E2B40006A8DF /* Target.png */; };
		48CB81971868E2B40006A8DF /* YouLose.png in Resources */ = {isa = PBXBuildFile; fileRef = 48CB81901868E2B40006A8DF /* YouLose.png */; };
		48CB81981868E2B40006A8DF /* YouWin.png in Resources */ = {isa = PBXBuildFile; fileRef = 48CB81911868E2B40006A8DF /* YouWin.png */; };
		48CB819C1868E2E00006A8DF /* SGGSprite.m in Sources */ = {isa = PBXBuildFile; fileRef = 48CB819B1868E2E00006A8DF /* SGGSprite.m */; };
		48CB819F1868E81A0006A8DF /* ColorfulCube.m in Sources */ = {isa = PBXBuildFile; fileRef = 48CB819E1868E81A0006A8DF /* ColorfulCube.m */; };
/* End PBXBuildFile section */

/* Begin PBXContainerItemProxy section */
		4850157F1868E0170008AE79 /* PBXContainerItemProxy */ = {
			isa = PBXContainerItemProxy;
			containerPortal = 485015571868E0170008AE79 /* Project object */;
			proxyType = 1;
			remoteGlobalIDString = 4850155E1868E0170008AE79;
			remoteInfo = SimpleGLKitGame;
		};
/* End PBXContainerItemProxy section */

/* Begin PBXFileReference section */
		4850155F1868E0170008AE79 /* SimpleGLKitGame.app */ = {isa = PBXFileReference; explicitFileType = wrapper.application; includeInIndex = 0; path = SimpleGLKitGame.app; sourceTree = BUILT_PRODUCTS_DIR; };
		485015621868E0170008AE79 /* Foundation.framework */ = {isa = PBXFileReference; lastKnownFileType = wrapper.framework; name = Foundation.framework; path = System/Library/Frameworks/Foundation.framework; sourceTree = SDKROOT; };
		485015641868E0170008AE79 /* CoreGraphics.framework */ = {isa = PBXFileReference; lastKnownFileType = wrapper.framework; name = CoreGraphics.framework; path = System/Library/Frameworks/CoreGraphics.framework; sourceTree = SDKROOT; };
		485015661868E0170008AE79 /* UIKit.framework */ = {isa = PBXFileReference; lastKnownFileType = wrapper.framework; name = UIKit.framework; path = System/Library/Frameworks/UIKit.framework; sourceTree = SDKROOT; };
		4850156A1868E0170008AE79 /* SimpleGLKitGame-Info.plist */ = {isa = PBXFileReference; lastKnownFileType = text.plist.xml; path = "SimpleGLKitGame-Info.plist"; sourceTree = "<group>"; };
		4850156C1868E0170008AE79 /* en */ = {isa = PBXFileReference; lastKnownFileType = text.plist.strings; name = en; path = en.lproj/InfoPlist.strings; sourceTree = "<group>"; };
		4850156E1868E0170008AE79 /* main.m */ = {isa = PBXFileReference; lastKnownFileType = sourcecode.c.objc; path = main.m; sourceTree = "<group>"; };
		485015701868E0170008AE79 /* SimpleGLKitGame-Prefix.pch */ = {isa = PBXFileReference; lastKnownFileType = sourcecode.c.h; path = "SimpleGLKitGame-Prefix.pch"; sourceTree = "<group>"; };
		485015711868E0170008AE79 /* SGGAppDelegate.h */ = {isa = PBXFileReference; lastKnownFileType = sourcecode.c.h; path = SGGAppDelegate.h; sourceTree = "<group>"; };
		485015721868E0170008AE79 /* SGGAppDelegate.m */ = {isa = PBXFileReference; lastKnownFileType = sourcecode.c.objc; path = SGGAppDelegate.m; sourceTree = "<group>"; };
		485015741868E0170008AE79 /* Images.xcassets */ = {isa = PBXFileReference; lastKnownFileType = folder.assetcatalog; path = Images.xcassets; sourceTree = "<group>"; };
		4850157A1868E0170008AE79 /* SimpleGLKitGameTests.xctest */ = {isa = PBXFileReference; explicitFileType = wrapper.cfbundle; includeInIndex = 0; path = SimpleGLKitGameTests.xctest; sourceTree = BUILT_PRODUCTS_DIR; };
		4850157B1868E0170008AE79 /* XCTest.framework */ = {isa = PBXFileReference; lastKnownFileType = wrapper.framework; name = XCTest.framework; path = Library/Frameworks/XCTest.framework; sourceTree = DEVELOPER_DIR; };
		485015831868E0170008AE79 /* SimpleGLKitGameTests-Info.plist */ = {isa = PBXFileReference; lastKnownFileType = text.plist.xml; path = "SimpleGLKitGameTests-Info.plist"; sourceTree = "<group>"; };
		485015851868E0170008AE79 /* en */ = {isa = PBXFileReference; lastKnownFileType = text.plist.strings; name = en; path = en.lproj/InfoPlist.strings; sourceTree = "<group>"; };
		485015871868E0170008AE79 /* SimpleGLKitGameTests.m */ = {isa = PBXFileReference; lastKnownFileType = sourcecode.c.objc; path = SimpleGLKitGameTests.m; sourceTree = "<group>"; };
		485015911868E0440008AE79 /* QuartzCore.framework */ = {isa = PBXFileReference; lastKnownFileType = wrapper.framework; name = QuartzCore.framework; path = System/Library/Frameworks/QuartzCore.framework; sourceTree = SDKROOT; };
		485015931868E04B0008AE79 /* OpenGLES.framework */ = {isa = PBXFileReference; lastKnownFileType = wrapper.framework; name = OpenGLES.framework; path = System/Library/Frameworks/OpenGLES.framework; sourceTree = SDKROOT; };
		485015951868E0500008AE79 /* GLKit.framework */ = {isa = PBXFileReference; lastKnownFileType = wrapper.framework; name = GLKit.framework; path = System/Library/Frameworks/GLKit.framework; sourceTree = SDKROOT; };
		485015971868E0710008AE79 /* iPhoneMainStoryboard.storyboard */ = {isa = PBXFileReference; fileEncoding = 4; lastKnownFileType = file.storyboard; path = iPhoneMainStoryboard.storyboard; sourceTree = "<group>"; };
		4850159C1868E15C0008AE79 /* SGGViewController.h */ = {isa = PBXFileReference; fileEncoding = 4; lastKnownFileType = sourcecode.c.h; path = SGGViewController.h; sourceTree = "<group>"; };
		4850159D1868E15C0008AE79 /* SGGViewController.m */ = {isa = PBXFileReference; fileEncoding = 4; lastKnownFileType = sourcecode.c.objc; path = SGGViewController.m; sourceTree = "<group>"; };
		48CB818B1868E2B40006A8DF /* background-music-aac.caf */ = {isa = PBXFileReference; lastKnownFileType = file; path = "background-music-aac.caf"; sourceTree = "<group>"; };
		48CB818C1868E2B40006A8DF /* pew-pew.wav */ = {isa = PBXFileReference; lastKnownFileType = audio.wav; path = "pew-pew.wav"; sourceTree = "<group>"; };
		48CB818D1868E2B40006A8DF /* Player.png */ = {isa = PBXFileReference; lastKnownFileType = image.png; path = Player.png; sourceTree = "<group>"; };
		48CB818E1868E2B40006A8DF /* Projectile.png */ = {isa = PBXFileReference; lastKnownFileType = image.png; path = Projectile.png; sourceTree = "<group>"; };
		48CB818F1868E2B40006A8DF /* Target.png */ = {isa = PBXFileReference; lastKnownFileType = image.png; path = Target.png; sourceTree = "<group>"; };
		48CB81901868E2B40006A8DF /* YouLose.png */ = {isa = PBXFileReference; lastKnownFileType = image.png; path = YouLose.png; sourceTree = "<group>"; };
		48CB81911868E2B40006A8DF /* YouWin.png */ = {isa = PBXFileReference; lastKnownFileType = image.png; path = YouWin.png; sourceTree = "<group>"; };
		48CB819A1868E2E00006A8DF /* SGGSprite.h */ = {isa = PBXFileReference; fileEncoding = 4; lastKnownFileType = sourcecode.c.h; path = SGGSprite.h; sourceTree = "<group>"; };
		48CB819B1868E2E00006A8DF /* SGGSprite.m */ = {isa = PBXFileReference; fileEncoding = 4; lastKnownFileType = sourcecode.c.objc; path = SGGSprite.m; sourceTree = "<group>"; };
		48CB819D1868E81A0006A8DF /* ColorfulCube.h */ = {isa = PBXFileReference; fileEncoding = 4; lastKnownFileType = sourcecode.c.h; path = ColorfulCube.h; sourceTree = "<group>"; };
		48CB819E1868E81A0006A8DF /* ColorfulCube.m */ = {isa = PBXFileReference; fileEncoding = 4; lastKnownFileType = sourcecode.c.objc; path = ColorfulCube.m; sourceTree = "<group>"; };
/* End PBXFileReference section */

/* Begin PBXFrameworksBuildPhase section */
		4850155C1868E0170008AE79 /* Frameworks */ = {
			isa = PBXFrameworksBuildPhase;
			buildActionMask = 2147483647;
			files = (
				485015961868E0500008AE79 /* GLKit.framework in Frameworks */,
				485015941868E04B0008AE79 /* OpenGLES.framework in Frameworks */,
				485015921868E0440008AE79 /* QuartzCore.framework in Frameworks */,
				485015651868E0170008AE79 /* CoreGraphics.framework in Frameworks */,
				485015671868E0170008AE79 /* UIKit.framework in Frameworks */,
				485015631868E0170008AE79 /* Foundation.framework in Frameworks */,
			);
			runOnlyForDeploymentPostprocessing = 0;
		};
		485015771868E0170008AE79 /* Frameworks */ = {
			isa = PBXFrameworksBuildPhase;
			buildActionMask = 2147483647;
			files = (
				4850157C1868E0170008AE79 /* XCTest.framework in Frameworks */,
				4850157E1868E0170008AE79 /* UIKit.framework in Frameworks */,
				4850157D1868E0170008AE79 /* Foundation.framework in Frameworks */,
			);
			runOnlyForDeploymentPostprocessing = 0;
		};
/* End PBXFrameworksBuildPhase section */

/* Begin PBXGroup section */
		485015561868E0170008AE79 = {
			isa = PBXGroup;
			children = (
				48CB81991868E2B80006A8DF /* Resources */,
				4850159C1868E15C0008AE79 /* SGGViewController.h */,
				4850159D1868E15C0008AE79 /* SGGViewController.m */,
				485015971868E0710008AE79 /* iPhoneMainStoryboard.storyboard */,
				485015681868E0170008AE79 /* SimpleGLKitGame */,
				485015811868E0170008AE79 /* SimpleGLKitGameTests */,
				485015611868E0170008AE79 /* Frameworks */,
				485015601868E0170008AE79 /* Products */,
			);
			sourceTree = "<group>";
		};
		485015601868E0170008AE79 /* Products */ = {
			isa = PBXGroup;
			children = (
				4850155F1868E0170008AE79 /* SimpleGLKitGame.app */,
				4850157A1868E0170008AE79 /* SimpleGLKitGameTests.xctest */,
			);
			name = Products;
			sourceTree = "<group>";
		};
		485015611868E0170008AE79 /* Frameworks */ = {
			isa = PBXGroup;
			children = (
				485015951868E0500008AE79 /* GLKit.framework */,
				485015931868E04B0008AE79 /* OpenGLES.framework */,
				485015911868E0440008AE79 /* QuartzCore.framework */,
				485015621868E0170008AE79 /* Foundation.framework */,
				485015641868E0170008AE79 /* CoreGraphics.framework */,
				485015661868E0170008AE79 /* UIKit.framework */,
				4850157B1868E0170008AE79 /* XCTest.framework */,
			);
			name = Frameworks;
			sourceTree = "<group>";
		};
		485015681868E0170008AE79 /* SimpleGLKitGame */ = {
			isa = PBXGroup;
			children = (
				485015711868E0170008AE79 /* SGGAppDelegate.h */,
				485015721868E0170008AE79 /* SGGAppDelegate.m */,
				485015741868E0170008AE79 /* Images.xcassets */,
				485015691868E0170008AE79 /* Supporting Files */,
			);
			path = SimpleGLKitGame;
			sourceTree = "<group>";
		};
		485015691868E0170008AE79 /* Supporting Files */ = {
			isa = PBXGroup;
			children = (
				4850156A1868E0170008AE79 /* SimpleGLKitGame-Info.plist */,
				4850156B1868E0170008AE79 /* InfoPlist.strings */,
				4850156E1868E0170008AE79 /* main.m */,
				485015701868E0170008AE79 /* SimpleGLKitGame-Prefix.pch */,
			);
			name = "Supporting Files";
			sourceTree = "<group>";
		};
		485015811868E0170008AE79 /* SimpleGLKitGameTests */ = {
			isa = PBXGroup;
			children = (
				485015871868E0170008AE79 /* SimpleGLKitGameTests.m */,
				485015821868E0170008AE79 /* Supporting Files */,
			);
			path = SimpleGLKitGameTests;
			sourceTree = "<group>";
		};
		485015821868E0170008AE79 /* Supporting Files */ = {
			isa = PBXGroup;
			children = (
				485015831868E0170008AE79 /* SimpleGLKitGameTests-Info.plist */,
				485015841868E0170008AE79 /* InfoPlist.strings */,
			);
			name = "Supporting Files";
			sourceTree = "<group>";
		};
		48CB81991868E2B80006A8DF /* Resources */ = {
			isa = PBXGroup;
			children = (
				48CB818B1868E2B40006A8DF /* background-music-aac.caf */,
				48CB818C1868E2B40006A8DF /* pew-pew.wav */,
				48CB818D1868E2B40006A8DF /* Player.png */,
				48CB818E1868E2B40006A8DF /* Projectile.png */,
				48CB818F1868E2B40006A8DF /* Target.png */,
				48CB81901868E2B40006A8DF /* YouLose.png */,
				48CB81911868E2B40006A8DF /* YouWin.png */,
				48CB819A1868E2E00006A8DF /* SGGSprite.h */,
				48CB819B1868E2E00006A8DF /* SGGSprite.m */,
				48CB819D1868E81A0006A8DF /* ColorfulCube.h */,
				48CB819E1868E81A0006A8DF /* ColorfulCube.m */,
			);
			name = Resources;
			sourceTree = "<group>";
		};
/* End PBXGroup section */

/* Begin PBXNativeTarget section */
		4850155E1868E0170008AE79 /* SimpleGLKitGame */ = {
			isa = PBXNativeTarget;
			buildConfigurationList = 4850158B1868E0170008AE79 /* Build configuration list for PBXNativeTarget "SimpleGLKitGame" */;
			buildPhases = (
				4850155B1868E0170008AE79 /* Sources */,
				4850155C1868E0170008AE79 /* Frameworks */,
				4850155D1868E0170008AE79 /* Resources */,
			);
			buildRules = (
			);
			dependencies = (
			);
			name = SimpleGLKitGame;
			productName = SimpleGLKitGame;
			productReference = 4850155F1868E0170008AE79 /* SimpleGLKitGame.app */;
			productType = "com.apple.product-type.application";
		};
		485015791868E0170008AE79 /* SimpleGLKitGameTests */ = {
			isa = PBXNativeTarget;
			buildConfigurationList = 4850158E1868E0170008AE79 /* Build configuration list for PBXNativeTarget "SimpleGLKitGameTests" */;
			buildPhases = (
				485015761868E0170008AE79 /* Sources */,
				485015771868E0170008AE79 /* Frameworks */,
				485015781868E0170008AE79 /* Resources */,
			);
			buildRules = (
			);
			dependencies = (
				485015801868E0170008AE79 /* PBXTargetDependency */,
			);
			name = SimpleGLKitGameTests;
			productName = SimpleGLKitGameTests;
			productReference = 4850157A1868E0170008AE79 /* SimpleGLKitGameTests.xctest */;
			productType = "com.apple.product-type.bundle.unit-test";
		};
/* End PBXNativeTarget section */

/* Begin PBXProject section */
		485015571868E0170008AE79 /* Project object */ = {
			isa = PBXProject;
			attributes = {
				CLASSPREFIX = SGG;
				LastUpgradeCheck = 0500;
				ORGANIZATIONNAME = "Kern Jackson";
				TargetAttributes = {
					485015791868E0170008AE79 = {
						TestTargetID = 4850155E1868E0170008AE79;
					};
				};
			};
			buildConfigurationList = 4850155A1868E0170008AE79 /* Build configuration list for PBXProject "SimpleGLKitGame" */;
			compatibilityVersion = "Xcode 3.2";
			developmentRegion = English;
			hasScannedForEncodings = 0;
			knownRegions = (
				en,
			);
			mainGroup = 485015561868E0170008AE79;
			productRefGroup = 485015601868E0170008AE79 /* Products */;
			projectDirPath = "";
			projectRoot = "";
			targets = (
				4850155E1868E0170008AE79 /* SimpleGLKitGame */,
				485015791868E0170008AE79 /* SimpleGLKitGameTests */,
			);
		};
/* End PBXProject section */

/* Begin PBXResourcesBuildPhase section */
		4850155D1868E0170008AE79 /* Resources */ = {
			isa = PBXResourcesBuildPhase;
			buildActionMask = 2147483647;
			files = (
				48CB81921868E2B40006A8DF /* background-music-aac.caf in Resources */,
				4850156D1868E0170008AE79 /* InfoPlist.strings in Resources */,
				48CB81981868E2B40006A8DF /* YouWin.png in Resources */,
				48CB81941868E2B40006A8DF /* Player.png in Resources */,
				48CB81951868E2B40006A8DF /* Projectile.png in Resources */,
				48CB81961868E2B40006A8DF /* Target.png in Resources */,
				48CB81971868E2B40006A8DF /* YouLose.png in Resources */,
				485015981868E0710008AE79 /* iPhoneMainStoryboard.storyboard in Resources */,
				48CB81931868E2B40006A8DF /* pew-pew.wav in Resources */,
				485015751868E0170008AE79 /* Images.xcassets in Resources */,
			);
			runOnlyForDeploymentPostprocessing = 0;
		};
		485015781868E0170008AE79 /* Resources */ = {
			isa = PBXResourcesBuildPhase;
			buildActionMask = 2147483647;
			files = (
				485015861868E0170008AE79 /* InfoPlist.strings in Resources */,
			);
			runOnlyForDeploymentPostprocessing = 0;
		};
/* End PBXResourcesBuildPhase section */

/* Begin PBXSourcesBuildPhase section */
		4850155B1868E0170008AE79 /* Sources */ = {
			isa = PBXSourcesBuildPhase;
			buildActionMask = 2147483647;
			files = (
				485015731868E0170008AE79 /* SGGAppDelegate.m in Sources */,
				4850159E1868E15C0008AE79 /* SGGViewController.m in Sources */,
				48CB819C1868E2E00006A8DF /* SGGSprite.m in Sources */,
				48CB819F1868E81A0006A8DF /* ColorfulCube.m in Sources */,
				4850156F1868E0170008AE79 /* main.m in Sources */,
			);
			runOnlyForDeploymentPostprocessing = 0;
		};
		485015761868E0170008AE79 /* Sources */ = {
			isa = PBXSourcesBuildPhase;
			buildActionMask = 2147483647;
			files = (
				485015881868E0170008AE79 /* SimpleGLKitGameTests.m in Sources */,
			);
			runOnlyForDeploymentPostprocessing = 0;
		};
/* End PBXSourcesBuildPhase section */

/* Begin PBXTargetDependency section */
		485015801868E0170008AE79 /* PBXTargetDependency */ = {
			isa = PBXTargetDependency;
			target = 4850155E1868E0170008AE79 /* SimpleGLKitGame */;
			targetProxy = 4850157F1868E0170008AE79 /* PBXContainerItemProxy */;
		};
/* End PBXTargetDependency section */

/* Begin PBXVariantGroup section */
		4850156B1868E0170008AE79 /* InfoPlist.strings */ = {
			isa = PBXVariantGroup;
			children = (
				4850156C1868E0170008AE79 /* en */,
			);
			name = InfoPlist.strings;
			sourceTree = "<group>";
		};
		485015841868E0170008AE79 /* InfoPlist.strings */ = {
			isa = PBXVariantGroup;
			children = (
				485015851868E0170008AE79 /* en */,
			);
			name = InfoPlist.strings;
			sourceTree = "<group>";
		};
/* End PBXVariantGroup section */

/* Begin XCBuildConfiguration section */
		485015891868E0170008AE79 /* Debug */ = {
			isa = XCBuildConfiguration;
			buildSettings = {
				ALWAYS_SEARCH_USER_PATHS = NO;
				ARCHS = "$(ARCHS_STANDARD_INCLUDING_64_BIT)";
				CLANG_CXX_LANGUAGE_STANDARD = "gnu++0x";
				CLANG_CXX_LIBRARY = "libc++";
				CLANG_ENABLE_MODULES = YES;
				CLANG_ENABLE_OBJC_ARC = YES;
				CLANG_WARN_BOOL_CONVERSION = YES;
				CLANG_WARN_CONSTANT_CONVERSION = YES;
				CLANG_WARN_DIRECT_OBJC_ISA_USAGE = YES_ERROR;
				CLANG_WARN_EMPTY_BODY = YES;
				CLANG_WARN_ENUM_CONVERSION = YES;
				CLANG_WARN_INT_CONVERSION = YES;
				CLANG_WARN_OBJC_ROOT_CLASS = YES_ERROR;
				CLANG_WARN__DUPLICATE_METHOD_MATCH = YES;
				"CODE_SIGN_IDENTITY[sdk=iphoneos*]" = "iPhone Developer";
				COPY_PHASE_STRIP = NO;
				GCC_C_LANGUAGE_STANDARD = gnu99;
				GCC_DYNAMIC_NO_PIC = NO;
				GCC_OPTIMIZATION_LEVEL = 0;
				GCC_PREPROCESSOR_DEFINITIONS = (
					"DEBUG=1",
					"$(inherited)",
				);
				GCC_SYMBOLS_PRIVATE_EXTERN = NO;
				GCC_WARN_64_TO_32_BIT_CONVERSION = YES;
				GCC_WARN_ABOUT_RETURN_TYPE = YES_ERROR;
				GCC_WARN_UNDECLARED_SELECTOR = YES;
				GCC_WARN_UNINITIALIZED_AUTOS = YES;
				GCC_WARN_UNUSED_FUNCTION = YES;
				GCC_WARN_UNUSED_VARIABLE = YES;
				IPHONEOS_DEPLOYMENT_TARGET = 7.0;
				ONLY_ACTIVE_ARCH = YES;
				SDKROOT = iphoneos;
				TARGETED_DEVICE_FAMILY = "1,2";
			};
			name = Debug;
		};
		4850158A1868E0170008AE79 /* Release */ = {
			isa = XCBuildConfiguration;
			buildSettings = {
				ALWAYS_SEARCH_USER_PATHS = NO;
				ARCHS = "$(ARCHS_STANDARD_INCLUDING_64_BIT)";
				CLANG_CXX_LANGUAGE_STANDARD = "gnu++0x";
				CLANG_CXX_LIBRARY = "libc++";
				CLANG_ENABLE_MODULES = YES;
				CLANG_ENABLE_OBJC_ARC = YES;
				CLANG_WARN_BOOL_CONVERSION = YES;
				CLANG_WARN_CONSTANT_CONVERSION = YES;
				CLANG_WARN_DIRECT_OBJC_ISA_USAGE = YES_ERROR;
				CLANG_WARN_EMPTY_BODY = YES;
				CLANG_WARN_ENUM_CONVERSION = YES;
				CLANG_WARN_INT_CONVERSION = YES;
				CLANG_WARN_OBJC_ROOT_CLASS = YES_ERROR;
				CLANG_WARN__DUPLICATE_METHOD_MATCH = YES;
				"CODE_SIGN_IDENTITY[sdk=iphoneos*]" = "iPhone Developer";
				COPY_PHASE_STRIP = YES;
				ENABLE_NS_ASSERTIONS = NO;
				GCC_C_LANGUAGE_STANDARD = gnu99;
				GCC_WARN_64_TO_32_BIT_CONVERSION = YES;
				GCC_WARN_ABOUT_RETURN_TYPE = YES_ERROR;
				GCC_WARN_UNDECLARED_SELECTOR = YES;
				GCC_WARN_UNINITIALIZED_AUTOS = YES;
				GCC_WARN_UNUSED_FUNCTION = YES;
				GCC_WARN_UNUSED_VARIABLE = YES;
				IPHONEOS_DEPLOYMENT_TARGET = 7.0;
				SDKROOT = iphoneos;
				TARGETED_DEVICE_FAMILY = "1,2";
				VALIDATE_PRODUCT = YES;
			};
			name = Release;
		};
		4850158C1868E0170008AE79 /* Debug */ = {
			isa = XCBuildConfiguration;
			buildSettings = {
				ASSETCATALOG_COMPILER_APPICON_NAME = AppIcon;
				ASSETCATALOG_COMPILER_LAUNCHIMAGE_NAME = LaunchImage;
				GCC_PRECOMPILE_PREFIX_HEADER = YES;
				GCC_PREFIX_HEADER = "SimpleGLKitGame/SimpleGLKitGame-Prefix.pch";
				INFOPLIST_FILE = "SimpleGLKitGame/SimpleGLKitGame-Info.plist";
				PRODUCT_NAME = "$(TARGET_NAME)";
				WRAPPER_EXTENSION = app;
			};
			name = Debug;
		};
		4850158D1868E0170008AE79 /* Release */ = {
			isa = XCBuildConfiguration;
			buildSettings = {
				ASSETCATALOG_COMPILER_APPICON_NAME = AppIcon;
				ASSETCATALOG_COMPILER_LAUNCHIMAGE_NAME = LaunchImage;
				GCC_PRECOMPILE_PREFIX_HEADER = YES;
				GCC_PREFIX_HEADER = "SimpleGLKitGame/SimpleGLKitGame-Prefix.pch";
				INFOPLIST_FILE = "SimpleGLKitGame/SimpleGLKitGame-Info.plist";
				PRODUCT_NAME = "$(TARGET_NAME)";
				WRAPPER_EXTENSION = app;
			};
			name = Release;
		};
		4850158F1868E0170008AE79 /* Debug */ = {
			isa = XCBuildConfiguration;
			buildSettings = {
				ARCHS = "$(ARCHS_STANDARD_INCLUDING_64_BIT)";
				BUNDLE_LOADER = "$(BUILT_PRODUCTS_DIR)/SimpleGLKitGame.app/SimpleGLKitGame";
				FRAMEWORK_SEARCH_PATHS = (
					"$(SDKROOT)/Developer/Library/Frameworks",
					"$(inherited)",
					"$(DEVELOPER_FRAMEWORKS_DIR)",
				);
				GCC_PRECOMPILE_PREFIX_HEADER = YES;
				GCC_PREFIX_HEADER = "SimpleGLKitGame/SimpleGLKitGame-Prefix.pch";
				GCC_PREPROCESSOR_DEFINITIONS = (
					"DEBUG=1",
					"$(inherited)",
				);
				INFOPLIST_FILE = "SimpleGLKitGameTests/SimpleGLKitGameTests-Info.plist";
				PRODUCT_NAME = "$(TARGET_NAME)";
				TEST_HOST = "$(BUNDLE_LOADER)";
				WRAPPER_EXTENSION = xctest;
			};
			name = Debug;
		};
		485015901868E0170008AE79 /* Release */ = {
			isa = XCBuildConfiguration;
			buildSettings = {
				ARCHS = "$(ARCHS_STANDARD_INCLUDING_64_BIT)";
				BUNDLE_LOADER = "$(BUILT_PRODUCTS_DIR)/SimpleGLKitGame.app/SimpleGLKitGame";
				FRAMEWORK_SEARCH_PATHS = (
					"$(SDKROOT)/Developer/Library/Frameworks",
					"$(inherited)",
					"$(DEVELOPER_FRAMEWORKS_DIR)",
				);
				GCC_PRECOMPILE_PREFIX_HEADER = YES;
				GCC_PREFIX_HEADER = "SimpleGLKitGame/SimpleGLKitGame-Prefix.pch";
				INFOPLIST_FILE = "SimpleGLKitGameTests/SimpleGLKitGameTests-Info.plist";
				PRODUCT_NAME = "$(TARGET_NAME)";
				TEST_HOST = "$(BUNDLE_LOADER)";
				WRAPPER_EXTENSION = xctest;
			};
			name = Release;
		};
/* End XCBuildConfiguration section */

/* Begin XCConfigurationList section */
		4850155A1868E0170008AE79 /* Build configuration list for PBXProject "SimpleGLKitGame" */ = {
			isa = XCConfigurationList;
			buildConfigurations = (
				485015891868E0170008AE79 /* Debug */,
				4850158A1868E0170008AE79 /* Release */,
			);
			defaultConfigurationIsVisible = 0;
			defaultConfigurationName = Release;
		};
		4850158B1868E0170008AE79 /* Build configuration list for PBXNativeTarget "SimpleGLKitGame" */ = {
			isa = XCConfigurationList;
			buildConfigurations = (
				4850158C1868E0170008AE79 /* Debug */,
				4850158D1868E0170008AE79 /* Release */,
			);
			defaultConfigurationIsVisible = 0;
			defaultConfigurationName = Release;
		};
		4850158E1868E0170008AE79 /* Build configuration list for PBXNativeTarget "SimpleGLKitGameTests" */ = {
			isa = XCConfigurationList;
			buildConfigurations = (
				4850158F1868E0170008AE79 /* Debug */,
				485015901868E0170008AE79 /* Release */,
			);
			defaultConfigurationIsVisible = 0;
			defaultConfigurationName = Release;
		};
/* End XCConfigurationList section */
	};
	rootObject = 485015571868E0170008AE79 /* Project object */;
}
